dependencies:
- name: postgresql
  repository: https://charts.bitnami.com/bitnami
  version: 10.16.2
- name: redis
  repository: https://charts.bitnami.com/bitnami
  version: 16.0.1
digest: sha256:ddb0b8d6c97d3a7ed5bc196834ba012a2d2b1b86241d6b7bafd7be72d333bf5b
generated: "2022-01-20T20:16:48.47113856+03:00"
